
Microsoft Visual Studio Solution File, Format Version 12.00
# Visual Studio Version 17
VisualStudioVersion = 17.14.36327.8 d17.14
MinimumVisualStudioVersion = 10.0.40219.1
Project("{FAE04EC0-301F-11D3-BF4B-00C04F79EFBC}") = "HOIESV", "HOIESV.csproj", "{428A03F1-C256-4FC3-9D66-30CD931F3810}"
EndProject
Global
	GlobalSection(SolutionConfigurationPlatforms) = preSolution
		Debug|Any CPU = Debug|Any CPU
		Release|Any CPU = Release|Any CPU
	EndGlobalSection
	GlobalSection(ProjectConfigurationPlatforms) = postSolution
		{428A03F1-C256-4FC3-9D66-30CD931F3810}.Debug|Any CPU.ActiveCfg = Debug|Any CPU
		{428A03F1-C256-4FC3-9D66-30CD931F3810}.Debug|Any CPU.Build.0 = Debug|Any CPU
		{428A03F1-C256-4FC3-9D66-30CD931F3810}.Release|Any CPU.ActiveCfg = Release|Any CPU
		{428A03F1-C256-4FC3-9D66-30CD931F3810}.Release|Any CPU.Build.0 = Release|Any CPU
	EndGlobalSection
	GlobalSection(SolutionProperties) = preSolution
		HideSolutionNode = FALSE
	EndGlobalSection
	GlobalSection(ExtensibilityGlobals) = postSolution
		SolutionGuid = {F9B5AF15-B8A5-494F-B1E8-742A85F42A04}
	EndGlobalSection
EndGlobal
